
Microsoft Visual Studio Solution File, Format Version 12.00
# Visual Studio Version 16
VisualStudioVersion = 16.0.31729.503
MinimumVisualStudioVersion = 10.0.40219.1
Project("{FAE04EC0-301F-11D3-BF4B-00C04F79EFBC}") = "MorgageCaculatorApp", "MorgageCaculatorApp.csproj", "{3CD6FF82-5FBD-48BB-938F-33BB5A2BA352}"
EndProject
Global
	GlobalSection(SolutionConfigurationPlatforms) = preSolution
		Debug|Any CPU = Debug|Any CPU
		Release|Any CPU = Release|Any CPU
	EndGlobalSection
	GlobalSection(ProjectConfigurationPlatforms) = postSolution
		{3CD6FF82-5FBD-48BB-938F-33BB5A2BA352}.Debug|Any CPU.ActiveCfg = Debug|Any CPU
		{3CD6FF82-5FBD-48BB-938F-33BB5A2BA352}.Debug|Any CPU.Build.0 = Debug|Any CPU
		{3CD6FF82-5FBD-48BB-938F-33BB5A2BA352}.Release|Any CPU.ActiveCfg = Release|Any CPU
		{3CD6FF82-5FBD-48BB-938F-33BB5A2BA352}.Release|Any CPU.Build.0 = Release|Any CPU
	EndGlobalSection
	GlobalSection(SolutionProperties) = preSolution
		HideSolutionNode = FALSE
	EndGlobalSection
	GlobalSection(ExtensibilityGlobals) = postSolution
		SolutionGuid = {E265EDFA-94F5-4C38-9A0D-EA84400B1795}
	EndGlobalSection
EndGlobal
